// !$*UTF8*$!
{
	archiveVersion = 1;
	classes = {
	};
	objectVersion = 56;
	objects = {

/* Begin PBXBuildFile section */
		31AD9B942A1A809700A1AE05 /* See_HearApp.swift in Sources */ = {isa = PBXBuildFile; fileRef = 31AD9B932A1A809700A1AE05 /* See_HearApp.swift */; };
		31AD9B962A1A809700A1AE05 /* ContentView.swift in Sources */ = {isa = PBXBuildFile; fileRef = 31AD9B952A1A809700A1AE05 /* ContentView.swift */; };
		31AD9B982A1A809700A1AE05 /* Assets.xcassets in Resources */ = {isa = PBXBuildFile; fileRef = 31AD9B972A1A809700A1AE05 /* Assets.xcassets */; };
		31AD9B9B2A1A809700A1AE05 /* Preview Assets.xcassets in Resources */ = {isa = PBXBuildFile; fileRef = 31AD9B9A2A1A809700A1AE05 /* Preview Assets.xcassets */; };
		31AD9BA52A1A809800A1AE05 /* See_HearTests.swift in Sources */ = {isa = PBXBuildFile; fileRef = 31AD9BA42A1A809800A1AE05 /* See_HearTests.swift */; };
		31AD9BAF2A1A809800A1AE05 /* See_HearUITests.swift in Sources */ = {isa = PBXBuildFile; fileRef = 31AD9BAE2A1A809800A1AE05 /* See_HearUITests.swift */; };
		31AD9BB12A1A809800A1AE05 /* See_HearUITestsLaunchTests.swift in Sources */ = {isa = PBXBuildFile; fileRef = 31AD9BB02A1A809800A1AE05 /* See_HearUITestsLaunchTests.swift */; };
		31AD9BBE2A1A815200A1AE05 /* CameraView.swift in Sources */ = {isa = PBXBuildFile; fileRef = 31AD9BBD2A1A815200A1AE05 /* CameraView.swift */; };
		31AD9BC02A1A868B00A1AE05 /* YOLOv3.mlmodel in Sources */ = {isa = PBXBuildFile; fileRef = 31AD9BBF2A1A868B00A1AE05 /* YOLOv3.mlmodel */; };
		31AD9BC62A22492500A1AE05 /* SettingsView.swift in Sources */ = {isa = PBXBuildFile; fileRef = 31AD9BC52A22492500A1AE05 /* SettingsView.swift */; };
		31AD9BC82A225EDE00A1AE05 /* Translations.swift in Sources */ = {isa = PBXBuildFile; fileRef = 31AD9BC72A225EDE00A1AE05 /* Translations.swift */; };
/* End PBXBuildFile section */

/* Begin PBXContainerItemProxy section */
		31AD9BA12A1A809800A1AE05 /* PBXContainerItemProxy */ = {
			isa = PBXContainerItemProxy;
			containerPortal = 31AD9B882A1A809700A1AE05 /* Project object */;
			proxyType = 1;
			remoteGlobalIDString = 31AD9B8F2A1A809700A1AE05;
			remoteInfo = "See Hear";
		};
		31AD9BAB2A1A809800A1AE05 /* PBXContainerItemProxy */ = {
			isa = PBXContainerItemProxy;
			containerPortal = 31AD9B882A1A809700A1AE05 /* Project object */;
			proxyType = 1;
			remoteGlobalIDString = 31AD9B8F2A1A809700A1AE05;
			remoteInfo = "See Hear";
		};
/* End PBXContainerItemProxy section */

/* Begin PBXFileReference section */
		31AD9B902A1A809700A1AE05 /* See Hear.app */ = {isa = PBXFileReference; explicitFileType = wrapper.application; includeInIndex = 0; path = "See Hear.app"; sourceTree = BUILT_PRODUCTS_DIR; };
		31AD9B932A1A809700A1AE05 /* See_HearApp.swift */ = {isa = PBXFileReference; lastKnownFileType = sourcecode.swift; path = See_HearApp.swift; sourceTree = "<group>"; };
		31AD9B952A1A809700A1AE05 /* ContentView.swift */ = {isa = PBXFileReference; lastKnownFileType = sourcecode.swift; path = ContentView.swift; sourceTree = "<group>"; };
		31AD9B972A1A809700A1AE05 /* Assets.xcassets */ = {isa = PBXFileReference; lastKnownFileType = folder.assetcatalog; path = Assets.xcassets; sourceTree = "<group>"; };
		31AD9B9A2A1A809700A1AE05 /* Preview Assets.xcassets */ = {isa = PBXFileReference; lastKnownFileType = folder.assetcatalog; path = "Preview Assets.xcassets"; sourceTree = "<group>"; };
		31AD9BA02A1A809800A1AE05 /* See HearTests.xctest */ = {isa = PBXFileReference; explicitFileType = wrapper.cfbundle; includeInIndex = 0; path = "See HearTests.xctest"; sourceTree = BUILT_PRODUCTS_DIR; };
		31AD9BA42A1A809800A1AE05 /* See_HearTests.swift */ = {isa = PBXFileReference; lastKnownFileType = sourcecode.swift; path = See_HearTests.swift; sourceTree = "<group>"; };
		31AD9BAA2A1A809800A1AE05 /* See HearUITests.xctest */ = {isa = PBXFileReference; explicitFileType = wrapper.cfbundle; includeInIndex = 0; path = "See HearUITests.xctest"; sourceTree = BUILT_PRODUCTS_DIR; };
		31AD9BAE2A1A809800A1AE05 /* See_HearUITests.swift */ = {isa = PBXFileReference; lastKnownFileType = sourcecode.swift; path = See_HearUITests.swift; sourceTree = "<group>"; };
		31AD9BB02A1A809800A1AE05 /* See_HearUITestsLaunchTests.swift */ = {isa = PBXFileReference; lastKnownFileType = sourcecode.swift; path = See_HearUITestsLaunchTests.swift; sourceTree = "<group>"; };
		31AD9BBD2A1A815200A1AE05 /* CameraView.swift */ = {isa = PBXFileReference; lastKnownFileType = sourcecode.swift; path = CameraView.swift; sourceTree = "<group>"; };
		31AD9BBF2A1A868B00A1AE05 /* YOLOv3.mlmodel */ = {isa = PBXFileReference; lastKnownFileType = file.mlmodel; path = YOLOv3.mlmodel; sourceTree = "<group>"; };
		31AD9BC52A22492500A1AE05 /* SettingsView.swift */ = {isa = PBXFileReference; lastKnownFileType = sourcecode.swift; path = SettingsView.swift; sourceTree = "<group>"; };
		31AD9BC72A225EDE00A1AE05 /* Translations.swift */ = {isa = PBXFileReference; lastKnownFileType = sourcecode.swift; path = Translations.swift; sourceTree = "<group>"; };
/* End PBXFileReference section */

/* Begin PBXFrameworksBuildPhase section */
		31AD9B8D2A1A809700A1AE05 /* Frameworks */ = {
			isa = PBXFrameworksBuildPhase;
			buildActionMask = 2147483647;
			files = (
			);
			runOnlyForDeploymentPostprocessing = 0;
		};
		31AD9B9D2A1A809800A1AE05 /* Frameworks */ = {
			isa = PBXFrameworksBuildPhase;
			buildActionMask = 2147483647;
			files = (
			);
			runOnlyForDeploymentPostprocessing = 0;
		};
		31AD9BA72A1A809800A1AE05 /* Frameworks */ = {
			isa = PBXFrameworksBuildPhase;
			buildActionMask = 2147483647;
			files = (
			);
			runOnlyForDeploymentPostprocessing = 0;
		};
/* End PBXFrameworksBuildPhase section */

/* Begin PBXGroup section */
		31AD9B872A1A809700A1AE05 = {
			isa = PBXGroup;
			children = (
				31AD9B922A1A809700A1AE05 /* See Hear */,
				31AD9BA32A1A809800A1AE05 /* See HearTests */,
				31AD9BAD2A1A809800A1AE05 /* See HearUITests */,
				31AD9B912A1A809700A1AE05 /* Products */,
			);
			sourceTree = "<group>";
		};
		31AD9B912A1A809700A1AE05 /* Products */ = {
			isa = PBXGroup;
			children = (
				31AD9B902A1A809700A1AE05 /* See Hear.app */,
				31AD9BA02A1A809800A1AE05 /* See HearTests.xctest */,
				31AD9BAA2A1A809800A1AE05 /* See HearUITests.xctest */,
			);
			name = Products;
			sourceTree = "<group>";
		};
		31AD9B922A1A809700A1AE05 /* See Hear */ = {
			isa = PBXGroup;
			children = (
				31AD9B932A1A809700A1AE05 /* See_HearApp.swift */,
				31AD9B952A1A809700A1AE05 /* ContentView.swift */,
				31AD9BBD2A1A815200A1AE05 /* CameraView.swift */,
				31AD9BC52A22492500A1AE05 /* SettingsView.swift */,
				31AD9BBF2A1A868B00A1AE05 /* YOLOv3.mlmodel */,
				31AD9B972A1A809700A1AE05 /* Assets.xcassets */,
				31AD9B992A1A809700A1AE05 /* Preview Content */,
				31AD9BC72A225EDE00A1AE05 /* Translations.swift */,
			);
			path = "See Hear";
			sourceTree = "<group>";
		};
		31AD9B992A1A809700A1AE05 /* Preview Content */ = {
			isa = PBXGroup;
			children = (
				31AD9B9A2A1A809700A1AE05 /* Preview Assets.xcassets */,
			);
			path = "Preview Content";
			sourceTree = "<group>";
		};
		31AD9BA32A1A809800A1AE05 /* See HearTests */ = {
			isa = PBXGroup;
			children = (
				31AD9BA42A1A809800A1AE05 /* See_HearTests.swift */,
			);
			path = "See HearTests";
			sourceTree = "<group>";
		};
		31AD9BAD2A1A809800A1AE05 /* See HearUITests */ = {
			isa = PBXGroup;
			children = (
				31AD9BAE2A1A809800A1AE05 /* See_HearUITests.swift */,
				31AD9BB02A1A809800A1AE05 /* See_HearUITestsLaunchTests.swift */,
			);
			path = "See HearUITests";
			sourceTree = "<group>";
		};
/* End PBXGroup section */

/* Begin PBXNativeTarget section */
		31AD9B8F2A1A809700A1AE05 /* See Hear */ = {
			isa = PBXNativeTarget;
			buildConfigurationList = 31AD9BB42A1A809800A1AE05 /* Build configuration list for PBXNativeTarget "See Hear" */;
			buildPhases = (
				31AD9B8C2A1A809700A1AE05 /* Sources */,
				31AD9B8D2A1A809700A1AE05 /* Frameworks */,
				31AD9B8E2A1A809700A1AE05 /* Resources */,
			);
			buildRules = (
			);
			dependencies = (
			);
			name = "See Hear";
			productName = "See Hear";
			productReference = 31AD9B902A1A809700A1AE05 /* See Hear.app */;
			productType = "com.apple.product-type.application";
		};
		31AD9B9F2A1A809800A1AE05 /* See HearTests */ = {
			isa = PBXNativeTarget;
			buildConfigurationList = 31AD9BB72A1A809800A1AE05 /* Build configuration list for PBXNativeTarget "See HearTests" */;
			buildPhases = (
				31AD9B9C2A1A809800A1AE05 /* Sources */,
				31AD9B9D2A1A809800A1AE05 /* Frameworks */,
				31AD9B9E2A1A809800A1AE05 /* Resources */,
			);
			buildRules = (
			);
			dependencies = (
				31AD9BA22A1A809800A1AE05 /* PBXTargetDependency */,
			);
			name = "See HearTests";
			productName = "See HearTests";
			productReference = 31AD9BA02A1A809800A1AE05 /* See HearTests.xctest */;
			productType = "com.apple.product-type.bundle.unit-test";
		};
		31AD9BA92A1A809800A1AE05 /* See HearUITests */ = {
			isa = PBXNativeTarget;
			buildConfigurationList = 31AD9BBA2A1A809800A1AE05 /* Build configuration list for PBXNativeTarget "See HearUITests" */;
			buildPhases = (
				31AD9BA62A1A809800A1AE05 /* Sources */,
				31AD9BA72A1A809800A1AE05 /* Frameworks */,
				31AD9BA82A1A809800A1AE05 /* Resources */,
			);
			buildRules = (
			);
			dependencies = (
				31AD9BAC2A1A809800A1AE05 /* PBXTargetDependency */,
			);
			name = "See HearUITests";
			productName = "See HearUITests";
			productReference = 31AD9BAA2A1A809800A1AE05 /* See HearUITests.xctest */;
			productType = "com.apple.product-type.bundle.ui-testing";
		};
/* End PBXNativeTarget section */

/* Begin PBXProject section */
		31AD9B882A1A809700A1AE05 /* Project object */ = {
			isa = PBXProject;
			attributes = {
				BuildIndependentTargetsInParallel = 1;
				LastSwiftUpdateCheck = 1430;
				LastUpgradeCheck = 1430;
				TargetAttributes = {
					31AD9B8F2A1A809700A1AE05 = {
						CreatedOnToolsVersion = 14.3;
					};
					31AD9B9F2A1A809800A1AE05 = {
						CreatedOnToolsVersion = 14.3;
						TestTargetID = 31AD9B8F2A1A809700A1AE05;
					};
					31AD9BA92A1A809800A1AE05 = {
						CreatedOnToolsVersion = 14.3;
						TestTargetID = 31AD9B8F2A1A809700A1AE05;
					};
				};
			};
			buildConfigurationList = 31AD9B8B2A1A809700A1AE05 /* Build configuration list for PBXProject "See Hear" */;
			compatibilityVersion = "Xcode 14.0";
			developmentRegion = en;
			hasScannedForEncodings = 0;
			knownRegions = (
				en,
				Base,
			);
			mainGroup = 31AD9B872A1A809700A1AE05;
			productRefGroup = 31AD9B912A1A809700A1AE05 /* Products */;
			projectDirPath = "";
			projectRoot = "";
			targets = (
				31AD9B8F2A1A809700A1AE05 /* See Hear */,
				31AD9B9F2A1A809800A1AE05 /* See HearTests */,
				31AD9BA92A1A809800A1AE05 /* See HearUITests */,
			);
		};
/* End PBXProject section */

/* Begin PBXResourcesBuildPhase section */
		31AD9B8E2A1A809700A1AE05 /* Resources */ = {
			isa = PBXResourcesBuildPhase;
			buildActionMask = 2147483647;
			files = (
				31AD9B9B2A1A809700A1AE05 /* Preview Assets.xcassets in Resources */,
				31AD9B982A1A809700A1AE05 /* Assets.xcassets in Resources */,
			);
			runOnlyForDeploymentPostprocessing = 0;
		};
		31AD9B9E2A1A809800A1AE05 /* Resources */ = {
			isa = PBXResourcesBuildPhase;
			buildActionMask = 2147483647;
			files = (
			);
			runOnlyForDeploymentPostprocessing = 0;
		};
		31AD9BA82A1A809800A1AE05 /* Resources */ = {
			isa = PBXResourcesBuildPhase;
			buildActionMask = 2147483647;
			files = (
			);
			runOnlyForDeploymentPostprocessing = 0;
		};
/* End PBXResourcesBuildPhase section */

/* Begin PBXSourcesBuildPhase section */
		31AD9B8C2A1A809700A1AE05 /* Sources */ = {
			isa = PBXSourcesBuildPhase;
			buildActionMask = 2147483647;
			files = (
				31AD9BC62A22492500A1AE05 /* SettingsView.swift in Sources */,
				31AD9BC82A225EDE00A1AE05 /* Translations.swift in Sources */,
				31AD9BBE2A1A815200A1AE05 /* CameraView.swift in Sources */,
				31AD9B962A1A809700A1AE05 /* ContentView.swift in Sources */,
				31AD9BC02A1A868B00A1AE05 /* YOLOv3.mlmodel in Sources */,
				31AD9B942A1A809700A1AE05 /* See_HearApp.swift in Sources */,
			);
			runOnlyForDeploymentPostprocessing = 0;
		};
		31AD9B9C2A1A809800A1AE05 /* Sources */ = {
			isa = PBXSourcesBuildPhase;
			buildActionMask = 2147483647;
			files = (
				31AD9BA52A1A809800A1AE05 /* See_HearTests.swift in Sources */,
			);
			runOnlyForDeploymentPostprocessing = 0;
		};
		31AD9BA62A1A809800A1AE05 /* Sources */ = {
			isa = PBXSourcesBuildPhase;
			buildActionMask = 2147483647;
			files = (
				31AD9BB12A1A809800A1AE05 /* See_HearUITestsLaunchTests.swift in Sources */,
				31AD9BAF2A1A809800A1AE05 /* See_HearUITests.swift in Sources */,
			);
			runOnlyForDeploymentPostprocessing = 0;
		};
/* End PBXSourcesBuildPhase section */

/* Begin PBXTargetDependency section */
		31AD9BA22A1A809800A1AE05 /* PBXTargetDependency */ = {
			isa = PBXTargetDependency;
			target = 31AD9B8F2A1A809700A1AE05 /* See Hear */;
			targetProxy = 31AD9BA12A1A809800A1AE05 /* PBXContainerItemProxy */;
		};
		31AD9BAC2A1A809800A1AE05 /* PBXTargetDependency */ = {
			isa = PBXTargetDependency;
			target = 31AD9B8F2A1A809700A1AE05 /* See Hear */;
			targetProxy = 31AD9BAB2A1A809800A1AE05 /* PBXContainerItemProxy */;
		};
/* End PBXTargetDependency section */

/* Begin XCBuildConfiguration section */
		31AD9BB22A1A809800A1AE05 /* Debug */ = {
			isa = XCBuildConfiguration;
			buildSettings = {
				ALWAYS_SEARCH_USER_PATHS = NO;
				CLANG_ANALYZER_NONNULL = YES;
				CLANG_ANALYZER_NUMBER_OBJECT_CONVERSION = YES_AGGRESSIVE;
				CLANG_CXX_LANGUAGE_STANDARD = "gnu++20";
				CLANG_ENABLE_MODULES = YES;
				CLANG_ENABLE_OBJC_ARC = YES;
				CLANG_ENABLE_OBJC_WEAK = YES;
				CLANG_WARN_BLOCK_CAPTURE_AUTORELEASING = YES;
				CLANG_WARN_BOOL_CONVERSION = YES;
				CLANG_WARN_COMMA = YES;
				CLANG_WARN_CONSTANT_CONVERSION = YES;
				CLANG_WARN_DEPRECATED_OBJC_IMPLEMENTATIONS = YES;
				CLANG_WARN_DIRECT_OBJC_ISA_USAGE = YES_ERROR;
				CLANG_WARN_DOCUMENTATION_COMMENTS = YES;
				CLANG_WARN_EMPTY_BODY = YES;
				CLANG_WARN_ENUM_CONVERSION = YES;
				CLANG_WARN_INFINITE_RECURSION = YES;
				CLANG_WARN_INT_CONVERSION = YES;
				CLANG_WARN_NON_LITERAL_NULL_CONVERSION = YES;
				CLANG_WARN_OBJC_IMPLICIT_RETAIN_SELF = YES;
				CLANG_WARN_OBJC_LITERAL_CONVERSION = YES;
				CLANG_WARN_OBJC_ROOT_CLASS = YES_ERROR;
				CLANG_WARN_QUOTED_INCLUDE_IN_FRAMEWORK_HEADER = YES;
				CLANG_WARN_RANGE_LOOP_ANALYSIS = YES;
				CLANG_WARN_STRICT_PROTOTYPES = YES;
				CLANG_WARN_SUSPICIOUS_MOVE = YES;
				CLANG_WARN_UNGUARDED_AVAILABILITY = YES_AGGRESSIVE;
				CLANG_WARN_UNREACHABLE_CODE = YES;
				CLANG_WARN__DUPLICATE_METHOD_MATCH = YES;
				COPY_PHASE_STRIP = NO;
				DEBUG_INFORMATION_FORMAT = dwarf;
				ENABLE_STRICT_OBJC_MSGSEND = YES;
				ENABLE_TESTABILITY = YES;
				GCC_C_LANGUAGE_STANDARD = gnu11;
				GCC_DYNAMIC_NO_PIC = NO;
				GCC_NO_COMMON_BLOCKS = YES;
				GCC_OPTIMIZATION_LEVEL = 0;
				GCC_PREPROCESSOR_DEFINITIONS = (
					"DEBUG=1",
					"$(inherited)",
				);
				GCC_WARN_64_TO_32_BIT_CONVERSION = YES;
				GCC_WARN_ABOUT_RETURN_TYPE = YES_ERROR;
				GCC_WARN_UNDECLARED_SELECTOR = YES;
				GCC_WARN_UNINITIALIZED_AUTOS = YES_AGGRESSIVE;
				GCC_WARN_UNUSED_FUNCTION = YES;
				GCC_WARN_UNUSED_VARIABLE = YES;
				IPHONEOS_DEPLOYMENT_TARGET = 16.4;
				MTL_ENABLE_DEBUG_INFO = INCLUDE_SOURCE;
				MTL_FAST_MATH = YES;
				ONLY_ACTIVE_ARCH = YES;
				SDKROOT = iphoneos;
				SWIFT_ACTIVE_COMPILATION_CONDITIONS = DEBUG;
				SWIFT_OPTIMIZATION_LEVEL = "-Onone";
			};
			name = Debug;
		};
		31AD9BB32A1A809800A1AE05 /* Release */ = {
			isa = XCBuildConfiguration;
			buildSettings = {
				ALWAYS_SEARCH_USER_PATHS = NO;
				CLANG_ANALYZER_NONNULL = YES;
				CLANG_ANALYZER_NUMBER_OBJECT_CONVERSION = YES_AGGRESSIVE;
				CLANG_CXX_LANGUAGE_STANDARD = "gnu++20";
				CLANG_ENABLE_MODULES = YES;
				CLANG_ENABLE_OBJC_ARC = YES;
				CLANG_ENABLE_OBJC_WEAK = YES;
				CLANG_WARN_BLOCK_CAPTURE_AUTORELEASING = YES;
				CLANG_WARN_BOOL_CONVERSION = YES;
				CLANG_WARN_COMMA = YES;
				CLANG_WARN_CONSTANT_CONVERSION = YES;
				CLANG_WARN_DEPRECATED_OBJC_IMPLEMENTATIONS = YES;
				CLANG_WARN_DIRECT_OBJC_ISA_USAGE = YES_ERROR;
				CLANG_WARN_DOCUMENTATION_COMMENTS = YES;
				CLANG_WARN_EMPTY_BODY = YES;
				CLANG_WARN_ENUM_CONVERSION = YES;
				CLANG_WARN_INFINITE_RECURSION = YES;
				CLANG_WARN_INT_CONVERSION = YES;
				CLANG_WARN_NON_LITERAL_NULL_CONVERSION = YES;
				CLANG_WARN_OBJC_IMPLICIT_RETAIN_SELF = YES;
				CLANG_WARN_OBJC_LITERAL_CONVERSION = YES;
				CLANG_WARN_OBJC_ROOT_CLASS = YES_ERROR;
				CLANG_WARN_QUOTED_INCLUDE_IN_FRAMEWORK_HEADER = YES;
				CLANG_WARN_RANGE_LOOP_ANALYSIS = YES;
				CLANG_WARN_STRICT_PROTOTYPES = YES;
				CLANG_WARN_SUSPICIOUS_MOVE = YES;
				CLANG_WARN_UNGUARDED_AVAILABILITY = YES_AGGRESSIVE;
				CLANG_WARN_UNREACHABLE_CODE = YES;
				CLANG_WARN__DUPLICATE_METHOD_MATCH = YES;
				COPY_PHASE_STRIP = NO;
				DEBUG_INFORMATION_FORMAT = "dwarf-with-dsym";
				ENABLE_NS_ASSERTIONS = NO;
				ENABLE_STRICT_OBJC_MSGSEND = YES;
				GCC_C_LANGUAGE_STANDARD = gnu11;
				GCC_NO_COMMON_BLOCKS = YES;
				GCC_WARN_64_TO_32_BIT_CONVERSION = YES;
				GCC_WARN_ABOUT_RETURN_TYPE = YES_ERROR;
				GCC_WARN_UNDECLARED_SELECTOR = YES;
				GCC_WARN_UNINITIALIZED_AUTOS = YES_AGGRESSIVE;
				GCC_WARN_UNUSED_FUNCTION = YES;
				GCC_WARN_UNUSED_VARIABLE = YES;
				IPHONEOS_DEPLOYMENT_TARGET = 16.4;
				MTL_ENABLE_DEBUG_INFO = NO;
				MTL_FAST_MATH = YES;
				SDKROOT = iphoneos;
				SWIFT_COMPILATION_MODE = wholemodule;
				SWIFT_OPTIMIZATION_LEVEL = "-O";
				VALIDATE_PRODUCT = YES;
			};
			name = Release;
		};
		31AD9BB52A1A809800A1AE05 /* Debug */ = {
			isa = XCBuildConfiguration;
			buildSettings = {
				ASSETCATALOG_COMPILER_APPICON_NAME = AppIcon;
				ASSETCATALOG_COMPILER_GLOBAL_ACCENT_COLOR_NAME = AccentColor;
				CODE_SIGN_STYLE = Automatic;
				CURRENT_PROJECT_VERSION = 1;
				DEVELOPMENT_ASSET_PATHS = "\"See Hear/Preview Content\"";
				DEVELOPMENT_TEAM = B5A85N93YH;
				ENABLE_PREVIEWS = YES;
				GENERATE_INFOPLIST_FILE = YES;
				INFOPLIST_KEY_NSCameraUsageDescription = "Bu uygulamanın, görsel ve işitsel yardım sağlamak için kameranıza erişmesi gerekiyor.";
				INFOPLIST_KEY_UIApplicationSceneManifest_Generation = YES;
				INFOPLIST_KEY_UIApplicationSupportsIndirectInputEvents = YES;
				INFOPLIST_KEY_UILaunchScreen_Generation = YES;
				INFOPLIST_KEY_UISupportedInterfaceOrientations_iPad = "UIInterfaceOrientationPortrait UIInterfaceOrientationPortraitUpsideDown UIInterfaceOrientationLandscapeLeft UIInterfaceOrientationLandscapeRight";
				INFOPLIST_KEY_UISupportedInterfaceOrientations_iPhone = "UIInterfaceOrientationPortrait UIInterfaceOrientationLandscapeLeft UIInterfaceOrientationLandscapeRight";
				IPHONEOS_DEPLOYMENT_TARGET = 14.0;
				LD_RUNPATH_SEARCH_PATHS = (
					"$(inherited)",
					"@executable_path/Frameworks",
				);
				MARKETING_VERSION = 1.0;
				PRODUCT_BUNDLE_IDENTIFIER = "com.rafida.seeHear.See-Hear";
				PRODUCT_NAME = "$(TARGET_NAME)";
				SWIFT_EMIT_LOC_STRINGS = YES;
				SWIFT_VERSION = 5.0;
				TARGETED_DEVICE_FAMILY = "1,2";
			};
			name = Debug;
		};
		31AD9BB62A1A809800A1AE05 /* Release */ = {
			isa = XCBuildConfiguration;
			buildSettings = {
				ASSETCATALOG_COMPILER_APPICON_NAME = AppIcon;
				ASSETCATALOG_COMPILER_GLOBAL_ACCENT_COLOR_NAME = AccentColor;
				CODE_SIGN_STYLE = Automatic;
				CURRENT_PROJECT_VERSION = 1;
				DEVELOPMENT_ASSET_PATHS = "\"See Hear/Preview Content\"";
				DEVELOPMENT_TEAM = B5A85N93YH;
				ENABLE_PREVIEWS = YES;
				GENERATE_INFOPLIST_FILE = YES;
				INFOPLIST_KEY_NSCameraUsageDescription = "Bu uygulamanın, görsel ve işitsel yardım sağlamak için kameranıza erişmesi gerekiyor.";
				INFOPLIST_KEY_UIApplicationSceneManifest_Generation = YES;
				INFOPLIST_KEY_UIApplicationSupportsIndirectInputEvents = YES;
				INFOPLIST_KEY_UILaunchScreen_Generation = YES;
				INFOPLIST_KEY_UISupportedInterfaceOrientations_iPad = "UIInterfaceOrientationPortrait UIInterfaceOrientationPortraitUpsideDown UIInterfaceOrientationLandscapeLeft UIInterfaceOrientationLandscapeRight";
				INFOPLIST_KEY_UISupportedInterfaceOrientations_iPhone = "UIInterfaceOrientationPortrait UIInterfaceOrientationLandscapeLeft UIInterfaceOrientationLandscapeRight";
				IPHONEOS_DEPLOYMENT_TARGET = 14.0;
				LD_RUNPATH_SEARCH_PATHS = (
					"$(inherited)",
					"@executable_path/Frameworks",
				);
				MARKETING_VERSION = 1.0;
				PRODUCT_BUNDLE_IDENTIFIER = "com.rafida.seeHear.See-Hear";
				PRODUCT_NAME = "$(TARGET_NAME)";
				SWIFT_EMIT_LOC_STRINGS = YES;
				SWIFT_VERSION = 5.0;
				TARGETED_DEVICE_FAMILY = "1,2";
			};
			name = Release;
		};
		31AD9BB82A1A809800A1AE05 /* Debug */ = {
			isa = XCBuildConfiguration;
			buildSettings = {
				ALWAYS_EMBED_SWIFT_STANDARD_LIBRARIES = YES;
				BUNDLE_LOADER = "$(TEST_HOST)";
				CODE_SIGN_STYLE = Automatic;
				CURRENT_PROJECT_VERSION = 1;
				DEVELOPMENT_TEAM = B5A85N93YH;
				GENERATE_INFOPLIST_FILE = YES;
				IPHONEOS_DEPLOYMENT_TARGET = 16.4;
				MARKETING_VERSION = 1.0;
				PRODUCT_BUNDLE_IDENTIFIER = "com.rafida.seeHear.See-HearTests";
				PRODUCT_NAME = "$(TARGET_NAME)";
				SWIFT_EMIT_LOC_STRINGS = NO;
				SWIFT_VERSION = 5.0;
				TARGETED_DEVICE_FAMILY = "1,2";
				TEST_HOST = "$(BUILT_PRODUCTS_DIR)/See Hear.app/$(BUNDLE_EXECUTABLE_FOLDER_PATH)/See Hear";
			};
			name = Debug;
		};
		31AD9BB92A1A809800A1AE05 /* Release */ = {
			isa = XCBuildConfiguration;
			buildSettings = {
				ALWAYS_EMBED_SWIFT_STANDARD_LIBRARIES = YES;
				BUNDLE_LOADER = "$(TEST_HOST)";
				CODE_SIGN_STYLE = Automatic;
				CURRENT_PROJECT_VERSION = 1;
				DEVELOPMENT_TEAM = B5A85N93YH;
				GENERATE_INFOPLIST_FILE = YES;
				IPHONEOS_DEPLOYMENT_TARGET = 16.4;
				MARKETING_VERSION = 1.0;
				PRODUCT_BUNDLE_IDENTIFIER = "com.rafida.seeHear.See-HearTests";
				PRODUCT_NAME = "$(TARGET_NAME)";
				SWIFT_EMIT_LOC_STRINGS = NO;
				SWIFT_VERSION = 5.0;
				TARGETED_DEVICE_FAMILY = "1,2";
				TEST_HOST = "$(BUILT_PRODUCTS_DIR)/See Hear.app/$(BUNDLE_EXECUTABLE_FOLDER_PATH)/See Hear";
			};
			name = Release;
		};
		31AD9BBB2A1A809800A1AE05 /* Debug */ = {
			isa = XCBuildConfiguration;
			buildSettings = {
				ALWAYS_EMBED_SWIFT_STANDARD_LIBRARIES = YES;
				CODE_SIGN_STYLE = Automatic;
				CURRENT_PROJECT_VERSION = 1;
				DEVELOPMENT_TEAM = B5A85N93YH;
				GENERATE_INFOPLIST_FILE = YES;
				MARKETING_VERSION = 1.0;
				PRODUCT_BUNDLE_IDENTIFIER = "com.rafida.seeHear.See-HearUITests";
				PRODUCT_NAME = "$(TARGET_NAME)";
				SWIFT_EMIT_LOC_STRINGS = NO;
				SWIFT_VERSION = 5.0;
				TARGETED_DEVICE_FAMILY = "1,2";
				TEST_TARGET_NAME = "See Hear";
			};
			name = Debug;
		};
		31AD9BBC2A1A809800A1AE05 /* Release */ = {
			isa = XCBuildConfiguration;
			buildSettings = {
				ALWAYS_EMBED_SWIFT_STANDARD_LIBRARIES = YES;
				CODE_SIGN_STYLE = Automatic;
				CURRENT_PROJECT_VERSION = 1;
				DEVELOPMENT_TEAM = B5A85N93YH;
				GENERATE_INFOPLIST_FILE = YES;
				MARKETING_VERSION = 1.0;
				PRODUCT_BUNDLE_IDENTIFIER = "com.rafida.seeHear.See-HearUITests";
				PRODUCT_NAME = "$(TARGET_NAME)";
				SWIFT_EMIT_LOC_STRINGS = NO;
				SWIFT_VERSION = 5.0;
				TARGETED_DEVICE_FAMILY = "1,2";
				TEST_TARGET_NAME = "See Hear";
			};
			name = Release;
		};
/* End XCBuildConfiguration section */

/* Begin XCConfigurationList section */
		31AD9B8B2A1A809700A1AE05 /* Build configuration list for PBXProject "See Hear" */ = {
			isa = XCConfigurationList;
			buildConfigurations = (
				31AD9BB22A1A809800A1AE05 /* Debug */,
				31AD9BB32A1A809800A1AE05 /* Release */,
			);
			defaultConfigurationIsVisible = 0;
			defaultConfigurationName = Release;
		};
		31AD9BB42A1A809800A1AE05 /* Build configuration list for PBXNativeTarget "See Hear" */ = {
			isa = XCConfigurationList;
			buildConfigurations = (
				31AD9BB52A1A809800A1AE05 /* Debug */,
				31AD9BB62A1A809800A1AE05 /* Release */,
			);
			defaultConfigurationIsVisible = 0;
			defaultConfigurationName = Release;
		};
		31AD9BB72A1A809800A1AE05 /* Build configuration list for PBXNativeTarget "See HearTests" */ = {
			isa = XCConfigurationList;
			buildConfigurations = (
				31AD9BB82A1A809800A1AE05 /* Debug */,
				31AD9BB92A1A809800A1AE05 /* Release */,
			);
			defaultConfigurationIsVisible = 0;
			defaultConfigurationName = Release;
		};
		31AD9BBA2A1A809800A1AE05 /* Build configuration list for PBXNativeTarget "See HearUITests" */ = {
			isa = XCConfigurationList;
			buildConfigurations = (
				31AD9BBB2A1A809800A1AE05 /* Debug */,
				31AD9BBC2A1A809800A1AE05 /* Release */,
			);
			defaultConfigurationIsVisible = 0;
			defaultConfigurationName = Release;
		};
/* End XCConfigurationList section */
	};
	rootObject = 31AD9B882A1A809700A1AE05 /* Project object */;
}
